{
  "name": "swap-sdk",
  "version": "2.4.3",
  "lockfileVersion": 1,
  "requires": true,
  "dependencies": {
    "@sardischain/sardisswap-sdk": {
      "version": "1.0.2",
      "resolved": "https://registry.npmjs.org/@sardischain/sardisswap-sdk/-/sardisswap-sdk-1.0.2.tgz",
      "integrity": "sha512-I2jkhOvlnwTz0ERrfbeQ/JjTesJt3L6vn01Nx3LLqduzzd4aQkzlYO3H4I3T8c2xKAdp8pO2N9hBnnQuRQiEog==",
      "requires": {
        "big.js": "^5.2.2",
        "decimal.js-light": "^2.5.0",
        "jsbi": "^3.1.1",
        "tiny-invariant": "^1.1.0",
        "tiny-warning": "^1.0.3",
        "toformat": "^2.0.0"
      },
      "dependencies": {
        "big.js": {
          "version": "5.2.2",
          "resolved": "https://registry.npmjs.org/big.js/-/big.js-5.2.2.tgz",
          "integrity": "sha512-vyL2OymJxmarO8gxMr0mhChsO9QGwhynfuu4+MHTAW6czfq9humCB7rKpUjDd9YUiDPU4mzpyupFSvOClAwbmQ=="
        },
        "decimal.js-light": {
          "version": "2.5.1",
          "resolved": "https://registry.npmjs.org/decimal.js-light/-/decimal.js-light-2.5.1.tgz",
          "integrity": "sha512-qIMFpTMZmny+MMIitAB6D7iVPEorVw6YQRWkvarTkT4tBeSLLiHzcwj6q0MmYSFCiVpiqPJTJEYIrpcPzVEIvg=="
        },
        "jsbi": {
          "version": "3.2.5",
          "resolved": "https://registry.npmjs.org/jsbi/-/jsbi-3.2.5.tgz",
          "integrity": "sha512-aBE4n43IPvjaddScbvWRA2YlTzKEynHzu7MqOyTipdHucf/VxS63ViCjxYRg86M8Rxwbt/GfzHl1kKERkt45fQ=="
        },
        "tiny-invariant": {
          "version": "1.3.1",
          "resolved": "https://registry.npmjs.org/tiny-invariant/-/tiny-invariant-1.3.1.tgz",
          "integrity": "sha512-AD5ih2NlSssTCwsMznbvwMZpJ1cbhkGd2uueNxzv2jDlEeZdU04JQfRnggJQ8DrcVBGjAsCKwFBbDlVNtEMlzw=="
        },
        "tiny-warning": {
          "version": "1.0.3",
          "resolved": "https://registry.npmjs.org/tiny-warning/-/tiny-warning-1.0.3.tgz",
          "integrity": "sha512-lBN9zLN/oAf68o3zNXYrdCt1kP8WsiGW8Oo2ka41b2IM5JL/S1CTyX1rW0mb/zSuJun0ZUrDxx4sqvYS2FWzPA=="
        },
        "toformat": {
          "version": "2.0.0",
          "resolved": "https://registry.npmjs.org/toformat/-/toformat-2.0.0.tgz",
          "integrity": "sha512-03SWBVop6nU8bpyZCx7SodpYznbZF5R4ljwNLBcTQzKOD9xuihRo/psX58llS1BMFhhAI08H3luot5GoXJz2pQ=="
        }
      }
    },
    "dithereumchain-dexswap-sdk": {
      "version": "1.0.0",
      "resolved": "https://registry.npmjs.org/dithereumchain-dexswap-sdk/-/dithereumchain-dexswap-sdk-1.0.0.tgz",
      "integrity": "sha512-sKs+iWG43TQ06gsZ7r3QonydvJJFpbJnTD3dJsZpKVSti706DqKUBnwO8HDa6RmZJNpsmftQiE/8yMXhBDIYBQ=="
    }
  }
}
